
Microsoft Visual Studio Solution File, Format Version 12.00
# Visual Studio Version 17
VisualStudioVersion = 17.4.33110.190
MinimumVisualStudioVersion = 10.0.40219.1
Project("{FAE04EC0-301F-11D3-BF4B-00C04F79EFBC}") = "DZ_Bridge_Pattern_BuildingCompany_3", "DZ_Bridge_Pattern_BuildingCompany_3\DZ_Bridge_Pattern_BuildingCompany_3.csproj", "{65428D1C-F22F-440B-8088-35C2B38FD04C}"
EndProject
Global
	GlobalSection(SolutionConfigurationPlatforms) = preSolution
		Debug|Any CPU = Debug|Any CPU
		Release|Any CPU = Release|Any CPU
	EndGlobalSection
	GlobalSection(ProjectConfigurationPlatforms) = postSolution
		{65428D1C-F22F-440B-8088-35C2B38FD04C}.Debug|Any CPU.ActiveCfg = Debug|Any CPU
		{65428D1C-F22F-440B-8088-35C2B38FD04C}.Debug|Any CPU.Build.0 = Debug|Any CPU
		{65428D1C-F22F-440B-8088-35C2B38FD04C}.Release|Any CPU.ActiveCfg = Release|Any CPU
		{65428D1C-F22F-440B-8088-35C2B38FD04C}.Release|Any CPU.Build.0 = Release|Any CPU
	EndGlobalSection
	GlobalSection(SolutionProperties) = preSolution
		HideSolutionNode = FALSE
	EndGlobalSection
	GlobalSection(ExtensibilityGlobals) = postSolution
		SolutionGuid = {EF562EEA-300B-4B77-B495-88FE20B5C20F}
	EndGlobalSection
EndGlobal
